// !$*UTF8*$!
{
	archiveVersion = 1;
	classes = {
	};
	objectVersion = 46;
	objects = {

/* Begin PBXBuildFile section */
		3A166EAA196462E3003307A7 /* AppDelegate.swift in Sources */ = {isa = PBXBuildFile; fileRef = 3A166EA9196462E3003307A7 /* AppDelegate.swift */; };
		3A166EB1196462E3003307A7 /* Main.storyboard in Resources */ = {isa = PBXBuildFile; fileRef = 3A166EAF196462E3003307A7 /* Main.storyboard */; };
		3A166EB3196462E3003307A7 /* Images.xcassets in Resources */ = {isa = PBXBuildFile; fileRef = 3A166EB2196462E3003307A7 /* Images.xcassets */; };
		3A166EBF196462E4003307A7 /* SimpleRedditTests.swift in Sources */ = {isa = PBXBuildFile; fileRef = 3A166EBE196462E4003307A7 /* SimpleRedditTests.swift */; };
		3A166ECA1964892B003307A7 /* RedditManager.swift in Sources */ = {isa = PBXBuildFile; fileRef = 3A166EC91964892B003307A7 /* RedditManager.swift */; };
		3A166ECE1964A47C003307A7 /* MainViewController.swift in Sources */ = {isa = PBXBuildFile; fileRef = 3A166ECD1964A47C003307A7 /* MainViewController.swift */; };
		3A166ED11964D381003307A7 /* loading@2x.png in Resources */ = {isa = PBXBuildFile; fileRef = 3A166ED01964D381003307A7 /* loading@2x.png */; };
		3A166ED31964D9D3003307A7 /* CFNetwork.framework in Frameworks */ = {isa = PBXBuildFile; fileRef = 3A166ED21964D9D3003307A7 /* CFNetwork.framework */; };
		3AE3528F1965DA6F0057E77B /* LinkViewController.swift in Sources */ = {isa = PBXBuildFile; fileRef = 3AE3528E1965DA6F0057E77B /* LinkViewController.swift */; };
		3AE352911965EC9D0057E77B /* CustomTableCell.xib in Resources */ = {isa = PBXBuildFile; fileRef = 3AE352901965EC9D0057E77B /* CustomTableCell.xib */; };
		3AE352931965ED7C0057E77B /* CustomCellTableViewCell.swift in Sources */ = {isa = PBXBuildFile; fileRef = 3AE352921965ED7C0057E77B /* CustomCellTableViewCell.swift */; };
		3AE352951965FB0B0057E77B /* LinkInfo.swift in Sources */ = {isa = PBXBuildFile; fileRef = 3AE352941965FB0B0057E77B /* LinkInfo.swift */; };
		3AE352971966D84C0057E77B /* CommentsViewController.swift in Sources */ = {isa = PBXBuildFile; fileRef = 3AE352961966D84C0057E77B /* CommentsViewController.swift */; };
		3AE352991966DAAB0057E77B /* CommentsTests.swift in Sources */ = {isa = PBXBuildFile; fileRef = 3AE352981966DAAB0057E77B /* CommentsTests.swift */; };
		3AE3529B1966DC940057E77B /* RefreshExtension.swift in Sources */ = {isa = PBXBuildFile; fileRef = 3AE3529A1966DC940057E77B /* RefreshExtension.swift */; };
		3AE3529D1966DF780057E77B /* Comment.swift in Sources */ = {isa = PBXBuildFile; fileRef = 3AE3529C1966DF780057E77B /* Comment.swift */; };
		3AE3529F1966EF9A0057E77B /* CommentTableCell.xib in Resources */ = {isa = PBXBuildFile; fileRef = 3AE3529E1966EF9A0057E77B /* CommentTableCell.xib */; };
		3AE352A11966F1400057E77B /* CommentCell.swift in Sources */ = {isa = PBXBuildFile; fileRef = 3AE352A01966F1400057E77B /* CommentCell.swift */; };
/* End PBXBuildFile section */

/* Begin PBXContainerItemProxy section */
		3A166EB9196462E4003307A7 /* PBXContainerItemProxy */ = {
			isa = PBXContainerItemProxy;
			containerPortal = 3A166E9C196462E3003307A7 /* Project object */;
			proxyType = 1;
			remoteGlobalIDString = 3A166EA3196462E3003307A7;
			remoteInfo = SimpleReddit;
		};
/* End PBXContainerItemProxy section */

/* Begin PBXFileReference section */
		3A166EA4196462E3003307A7 /* SimpleReddit.app */ = {isa = PBXFileReference; explicitFileType = wrapper.application; includeInIndex = 0; path = SimpleReddit.app; sourceTree = BUILT_PRODUCTS_DIR; };
		3A166EA8196462E3003307A7 /* Info.plist */ = {isa = PBXFileReference; lastKnownFileType = text.plist.xml; path = Info.plist; sourceTree = "<group>"; };
		3A166EA9196462E3003307A7 /* AppDelegate.swift */ = {isa = PBXFileReference; lastKnownFileType = sourcecode.swift; path = AppDelegate.swift; sourceTree = "<group>"; };
		3A166EB0196462E3003307A7 /* Base */ = {isa = PBXFileReference; lastKnownFileType = file.storyboard; name = Base; path = Base.lproj/Main.storyboard; sourceTree = "<group>"; };
		3A166EB2196462E3003307A7 /* Images.xcassets */ = {isa = PBXFileReference; lastKnownFileType = folder.assetcatalog; path = Images.xcassets; sourceTree = "<group>"; };
		3A166EB8196462E4003307A7 /* SimpleRedditTests.xctest */ = {isa = PBXFileReference; explicitFileType = wrapper.cfbundle; includeInIndex = 0; path = SimpleRedditTests.xctest; sourceTree = BUILT_PRODUCTS_DIR; };
		3A166EBD196462E4003307A7 /* Info.plist */ = {isa = PBXFileReference; lastKnownFileType = text.plist.xml; path = Info.plist; sourceTree = "<group>"; };
		3A166EBE196462E4003307A7 /* SimpleRedditTests.swift */ = {isa = PBXFileReference; lastKnownFileType = sourcecode.swift; path = SimpleRedditTests.swift; sourceTree = "<group>"; };
		3A166EC91964892B003307A7 /* RedditManager.swift */ = {isa = PBXFileReference; fileEncoding = 4; lastKnownFileType = sourcecode.swift; path = RedditManager.swift; sourceTree = "<group>"; };
		3A166ECD1964A47C003307A7 /* MainViewController.swift */ = {isa = PBXFileReference; fileEncoding = 4; lastKnownFileType = sourcecode.swift; path = MainViewController.swift; sourceTree = "<group>"; };
		3A166ED01964D381003307A7 /* loading@2x.png */ = {isa = PBXFileReference; lastKnownFileType = image.png; path = "loading@2x.png"; sourceTree = "<group>"; };
		3A166ED21964D9D3003307A7 /* CFNetwork.framework */ = {isa = PBXFileReference; lastKnownFileType = wrapper.framework; name = CFNetwork.framework; path = System/Library/Frameworks/CFNetwork.framework; sourceTree = SDKROOT; };
		3AE3528E1965DA6F0057E77B /* LinkViewController.swift */ = {isa = PBXFileReference; fileEncoding = 4; lastKnownFileType = sourcecode.swift; path = LinkViewController.swift; sourceTree = "<group>"; };
		3AE352901965EC9D0057E77B /* CustomTableCell.xib */ = {isa = PBXFileReference; fileEncoding = 4; lastKnownFileType = file.xib; path = CustomTableCell.xib; sourceTree = "<group>"; };
		3AE352921965ED7C0057E77B /* CustomCellTableViewCell.swift */ = {isa = PBXFileReference; fileEncoding = 4; lastKnownFileType = sourcecode.swift; path = CustomCellTableViewCell.swift; sourceTree = "<group>"; };
		3AE352941965FB0B0057E77B /* LinkInfo.swift */ = {isa = PBXFileReference; fileEncoding = 4; lastKnownFileType = sourcecode.swift; path = LinkInfo.swift; sourceTree = "<group>"; };
		3AE352961966D84C0057E77B /* CommentsViewController.swift */ = {isa = PBXFileReference; fileEncoding = 4; lastKnownFileType = sourcecode.swift; path = CommentsViewController.swift; sourceTree = "<group>"; };
		3AE352981966DAAB0057E77B /* CommentsTests.swift */ = {isa = PBXFileReference; fileEncoding = 4; lastKnownFileType = sourcecode.swift; path = CommentsTests.swift; sourceTree = "<group>"; };
		3AE3529A1966DC940057E77B /* RefreshExtension.swift */ = {isa = PBXFileReference; fileEncoding = 4; lastKnownFileType = sourcecode.swift; path = RefreshExtension.swift; sourceTree = "<group>"; };
		3AE3529C1966DF780057E77B /* Comment.swift */ = {isa = PBXFileReference; fileEncoding = 4; lastKnownFileType = sourcecode.swift; path = Comment.swift; sourceTree = "<group>"; };
		3AE3529E1966EF9A0057E77B /* CommentTableCell.xib */ = {isa = PBXFileReference; fileEncoding = 4; lastKnownFileType = file.xib; path = CommentTableCell.xib; sourceTree = "<group>"; };
		3AE352A01966F1400057E77B /* CommentCell.swift */ = {isa = PBXFileReference; fileEncoding = 4; lastKnownFileType = sourcecode.swift; path = CommentCell.swift; sourceTree = "<group>"; };
/* End PBXFileReference section */

/* Begin PBXFrameworksBuildPhase section */
		3A166EA1196462E3003307A7 /* Frameworks */ = {
			isa = PBXFrameworksBuildPhase;
			buildActionMask = 2147483647;
			files = (
				3A166ED31964D9D3003307A7 /* CFNetwork.framework in Frameworks */,
			);
			runOnlyForDeploymentPostprocessing = 0;
		};
		3A166EB5196462E4003307A7 /* Frameworks */ = {
			isa = PBXFrameworksBuildPhase;
			buildActionMask = 2147483647;
			files = (
			);
			runOnlyForDeploymentPostprocessing = 0;
		};
/* End PBXFrameworksBuildPhase section */

/* Begin PBXGroup section */
		3A166E9B196462E3003307A7 = {
			isa = PBXGroup;
			children = (
				3A166ED21964D9D3003307A7 /* CFNetwork.framework */,
				3A166EA6196462E3003307A7 /* SimpleReddit */,
				3A166EBB196462E4003307A7 /* SimpleRedditTests */,
				3A166EA5196462E3003307A7 /* Products */,
			);
			sourceTree = "<group>";
		};
		3A166EA5196462E3003307A7 /* Products */ = {
			isa = PBXGroup;
			children = (
				3A166EA4196462E3003307A7 /* SimpleReddit.app */,
				3A166EB8196462E4003307A7 /* SimpleRedditTests.xctest */,
			);
			name = Products;
			sourceTree = "<group>";
		};
		3A166EA6196462E3003307A7 /* SimpleReddit */ = {
			isa = PBXGroup;
			children = (
				3A166EA9196462E3003307A7 /* AppDelegate.swift */,
				3A166EAF196462E3003307A7 /* Main.storyboard */,
				3AE352901965EC9D0057E77B /* CustomTableCell.xib */,
				3AE3529E1966EF9A0057E77B /* CommentTableCell.xib */,
				3A166EB2196462E3003307A7 /* Images.xcassets */,
				3A166ECF1964D381003307A7 /* Resources */,
				3A166EA7196462E3003307A7 /* Supporting Files */,
				3A166EC91964892B003307A7 /* RedditManager.swift */,
				3A166ECD1964A47C003307A7 /* MainViewController.swift */,
				3AE3528E1965DA6F0057E77B /* LinkViewController.swift */,
				3AE352921965ED7C0057E77B /* CustomCellTableViewCell.swift */,
				3AE352941965FB0B0057E77B /* LinkInfo.swift */,
				3AE352961966D84C0057E77B /* CommentsViewController.swift */,
				3AE3529A1966DC940057E77B /* RefreshExtension.swift */,
				3AE3529C1966DF780057E77B /* Comment.swift */,
				3AE352A01966F1400057E77B /* CommentCell.swift */,
			);
			path = SimpleReddit;
			sourceTree = "<group>";
		};
		3A166EA7196462E3003307A7 /* Supporting Files */ = {
			isa = PBXGroup;
			children = (
				3A166EA8196462E3003307A7 /* Info.plist */,
			);
			name = "Supporting Files";
			sourceTree = "<group>";
		};
		3A166EBB196462E4003307A7 /* SimpleRedditTests */ = {
			isa = PBXGroup;
			children = (
				3A166EBE196462E4003307A7 /* SimpleRedditTests.swift */,
				3AE352981966DAAB0057E77B /* CommentsTests.swift */,
				3A166EBC196462E4003307A7 /* Supporting Files */,
			);
			path = SimpleRedditTests;
			sourceTree = "<group>";
		};
		3A166EBC196462E4003307A7 /* Supporting Files */ = {
			isa = PBXGroup;
			children = (
				3A166EBD196462E4003307A7 /* Info.plist */,
			);
			name = "Supporting Files";
			sourceTree = "<group>";
		};
		3A166ECF1964D381003307A7 /* Resources */ = {
			isa = PBXGroup;
			children = (
				3A166ED01964D381003307A7 /* loading@2x.png */,
			);
			path = Resources;
			sourceTree = "<group>";
		};
/* End PBXGroup section */

/* Begin PBXNativeTarget section */
		3A166EA3196462E3003307A7 /* SimpleReddit */ = {
			isa = PBXNativeTarget;
			buildConfigurationList = 3A166EC2196462E4003307A7 /* Build configuration list for PBXNativeTarget "SimpleReddit" */;
			buildPhases = (
				3A166EA0196462E3003307A7 /* Sources */,
				3A166EA1196462E3003307A7 /* Frameworks */,
				3A166EA2196462E3003307A7 /* Resources */,
			);
			buildRules = (
			);
			dependencies = (
			);
			name = SimpleReddit;
			productName = SimpleReddit;
			productReference = 3A166EA4196462E3003307A7 /* SimpleReddit.app */;
			productType = "com.apple.product-type.application";
		};
		3A166EB7196462E4003307A7 /* SimpleRedditTests */ = {
			isa = PBXNativeTarget;
			buildConfigurationList = 3A166EC5196462E4003307A7 /* Build configuration list for PBXNativeTarget "SimpleRedditTests" */;
			buildPhases = (
				3A166EB4196462E4003307A7 /* Sources */,
				3A166EB5196462E4003307A7 /* Frameworks */,
				3A166EB6196462E4003307A7 /* Resources */,
			);
			buildRules = (
			);
			dependencies = (
				3A166EBA196462E4003307A7 /* PBXTargetDependency */,
			);
			name = SimpleRedditTests;
			productName = SimpleRedditTests;
			productReference = 3A166EB8196462E4003307A7 /* SimpleRedditTests.xctest */;
			productType = "com.apple.product-type.bundle.unit-test";
		};
/* End PBXNativeTarget section */

/* Begin PBXProject section */
		3A166E9C196462E3003307A7 /* Project object */ = {
			isa = PBXProject;
			attributes = {
				LastUpgradeCheck = 0600;
				ORGANIZATIONNAME = "Paulo Cesar Ferreira";
				TargetAttributes = {
					3A166EA3196462E3003307A7 = {
						CreatedOnToolsVersion = 6.0;
					};
					3A166EB7196462E4003307A7 = {
						CreatedOnToolsVersion = 6.0;
						TestTargetID = 3A166EA3196462E3003307A7;
					};
				};
			};
			buildConfigurationList = 3A166E9F196462E3003307A7 /* Build configuration list for PBXProject "SimpleReddit" */;
			compatibilityVersion = "Xcode 3.2";
			developmentRegion = English;
			hasScannedForEncodings = 0;
			knownRegions = (
				en,
				Base,
			);
			mainGroup = 3A166E9B196462E3003307A7;
			productRefGroup = 3A166EA5196462E3003307A7 /* Products */;
			projectDirPath = "";
			projectRoot = "";
			targets = (
				3A166EA3196462E3003307A7 /* SimpleReddit */,
				3A166EB7196462E4003307A7 /* SimpleRedditTests */,
			);
		};
/* End PBXProject section */

/* Begin PBXResourcesBuildPhase section */
		3A166EA2196462E3003307A7 /* Resources */ = {
			isa = PBXResourcesBuildPhase;
			buildActionMask = 2147483647;
			files = (
				3A166ED11964D381003307A7 /* loading@2x.png in Resources */,
				3AE3529F1966EF9A0057E77B /* CommentTableCell.xib in Resources */,
				3A166EB1196462E3003307A7 /* Main.storyboard in Resources */,
				3A166EB3196462E3003307A7 /* Images.xcassets in Resources */,
				3AE352911965EC9D0057E77B /* CustomTableCell.xib in Resources */,
			);
			runOnlyForDeploymentPostprocessing = 0;
		};
		3A166EB6196462E4003307A7 /* Resources */ = {
			isa = PBXResourcesBuildPhase;
			buildActionMask = 2147483647;
			files = (
			);
			runOnlyForDeploymentPostprocessing = 0;
		};
/* End PBXResourcesBuildPhase section */

/* Begin PBXSourcesBuildPhase section */
		3A166EA0196462E3003307A7 /* Sources */ = {
			isa = PBXSourcesBuildPhase;
			buildActionMask = 2147483647;
			files = (
				3AE3528F1965DA6F0057E77B /* LinkViewController.swift in Sources */,
				3A166EAA196462E3003307A7 /* AppDelegate.swift in Sources */,
				3AE352971966D84C0057E77B /* CommentsViewController.swift in Sources */,
				3A166ECA1964892B003307A7 /* RedditManager.swift in Sources */,
				3AE352931965ED7C0057E77B /* CustomCellTableViewCell.swift in Sources */,
				3AE352A11966F1400057E77B /* CommentCell.swift in Sources */,
				3AE3529B1966DC940057E77B /* RefreshExtension.swift in Sources */,
				3A166ECE1964A47C003307A7 /* MainViewController.swift in Sources */,
				3AE3529D1966DF780057E77B /* Comment.swift in Sources */,
				3AE352951965FB0B0057E77B /* LinkInfo.swift in Sources */,
			);
			runOnlyForDeploymentPostprocessing = 0;
		};
		3A166EB4196462E4003307A7 /* Sources */ = {
			isa = PBXSourcesBuildPhase;
			buildActionMask = 2147483647;
			files = (
				3A166EBF196462E4003307A7 /* SimpleRedditTests.swift in Sources */,
				3AE352991966DAAB0057E77B /* CommentsTests.swift in Sources */,
			);
			runOnlyForDeploymentPostprocessing = 0;
		};
/* End PBXSourcesBuildPhase section */

/* Begin PBXTargetDependency section */
		3A166EBA196462E4003307A7 /* PBXTargetDependency */ = {
			isa = PBXTargetDependency;
			target = 3A166EA3196462E3003307A7 /* SimpleReddit */;
			targetProxy = 3A166EB9196462E4003307A7 /* PBXContainerItemProxy */;
		};
/* End PBXTargetDependency section */

/* Begin PBXVariantGroup section */
		3A166EAF196462E3003307A7 /* Main.storyboard */ = {
			isa = PBXVariantGroup;
			children = (
				3A166EB0196462E3003307A7 /* Base */,
			);
			name = Main.storyboard;
			sourceTree = "<group>";
		};
/* End PBXVariantGroup section */

/* Begin XCBuildConfiguration section */
		3A166EC0196462E4003307A7 /* Debug */ = {
			isa = XCBuildConfiguration;
			buildSettings = {
				ALWAYS_SEARCH_USER_PATHS = NO;
				CLANG_CXX_LANGUAGE_STANDARD = "gnu++0x";
				CLANG_CXX_LIBRARY = "libc++";
				CLANG_ENABLE_MODULES = YES;
				CLANG_ENABLE_OBJC_ARC = YES;
				CLANG_WARN_BOOL_CONVERSION = YES;
				CLANG_WARN_CONSTANT_CONVERSION = YES;
				CLANG_WARN_DIRECT_OBJC_ISA_USAGE = YES_ERROR;
				CLANG_WARN_EMPTY_BODY = YES;
				CLANG_WARN_ENUM_CONVERSION = YES;
				CLANG_WARN_INT_CONVERSION = YES;
				CLANG_WARN_OBJC_ROOT_CLASS = YES_ERROR;
				CLANG_WARN_UNREACHABLE_CODE = YES;
				CLANG_WARN__DUPLICATE_METHOD_MATCH = YES;
				"CODE_SIGN_IDENTITY[sdk=iphoneos*]" = "iPhone Developer";
				COPY_PHASE_STRIP = NO;
				ENABLE_STRICT_OBJC_MSGSEND = YES;
				GCC_C_LANGUAGE_STANDARD = gnu99;
				GCC_DYNAMIC_NO_PIC = NO;
				GCC_OPTIMIZATION_LEVEL = 0;
				GCC_PREPROCESSOR_DEFINITIONS = (
					"DEBUG=1",
					"$(inherited)",
				);
				GCC_SYMBOLS_PRIVATE_EXTERN = NO;
				GCC_WARN_64_TO_32_BIT_CONVERSION = YES;
				GCC_WARN_ABOUT_RETURN_TYPE = YES_ERROR;
				GCC_WARN_UNDECLARED_SELECTOR = YES;
				GCC_WARN_UNINITIALIZED_AUTOS = YES_AGGRESSIVE;
				GCC_WARN_UNUSED_FUNCTION = YES;
				GCC_WARN_UNUSED_VARIABLE = YES;
				IPHONEOS_DEPLOYMENT_TARGET = 7.1;
				METAL_ENABLE_DEBUG_INFO = YES;
				ONLY_ACTIVE_ARCH = YES;
				SDKROOT = iphoneos;
				SWIFT_OPTIMIZATION_LEVEL = "-Onone";
			};
			name = Debug;
		};
		3A166EC1196462E4003307A7 /* Release */ = {
			isa = XCBuildConfiguration;
			buildSettings = {
				ALWAYS_SEARCH_USER_PATHS = NO;
				CLANG_CXX_LANGUAGE_STANDARD = "gnu++0x";
				CLANG_CXX_LIBRARY = "libc++";
				CLANG_ENABLE_MODULES = YES;
				CLANG_ENABLE_OBJC_ARC = YES;
				CLANG_WARN_BOOL_CONVERSION = YES;
				CLANG_WARN_CONSTANT_CONVERSION = YES;
				CLANG_WARN_DIRECT_OBJC_ISA_USAGE = YES_ERROR;
				CLANG_WARN_EMPTY_BODY = YES;
				CLANG_WARN_ENUM_CONVERSION = YES;
				CLANG_WARN_INT_CONVERSION = YES;
				CLANG_WARN_OBJC_ROOT_CLASS = YES_ERROR;
				CLANG_WARN_UNREACHABLE_CODE = YES;
				CLANG_WARN__DUPLICATE_METHOD_MATCH = YES;
				"CODE_SIGN_IDENTITY[sdk=iphoneos*]" = "iPhone Developer";
				COPY_PHASE_STRIP = YES;
				ENABLE_NS_ASSERTIONS = NO;
				ENABLE_STRICT_OBJC_MSGSEND = YES;
				GCC_C_LANGUAGE_STANDARD = gnu99;
				GCC_WARN_64_TO_32_BIT_CONVERSION = YES;
				GCC_WARN_ABOUT_RETURN_TYPE = YES_ERROR;
				GCC_WARN_UNDECLARED_SELECTOR = YES;
				GCC_WARN_UNINITIALIZED_AUTOS = YES_AGGRESSIVE;
				GCC_WARN_UNUSED_FUNCTION = YES;
				GCC_WARN_UNUSED_VARIABLE = YES;
				IPHONEOS_DEPLOYMENT_TARGET = 7.1;
				METAL_ENABLE_DEBUG_INFO = NO;
				SDKROOT = iphoneos;
				VALIDATE_PRODUCT = YES;
			};
			name = Release;
		};
		3A166EC3196462E4003307A7 /* Debug */ = {
			isa = XCBuildConfiguration;
			buildSettings = {
				ASSETCATALOG_COMPILER_APPICON_NAME = AppIcon;
				ASSETCATALOG_COMPILER_LAUNCHIMAGE_NAME = LaunchImage;
				INFOPLIST_FILE = SimpleReddit/Info.plist;
				IPHONEOS_DEPLOYMENT_TARGET = 8.0;
				LD_RUNPATH_SEARCH_PATHS = "$(inherited) @executable_path/Frameworks";
				PRODUCT_NAME = "$(TARGET_NAME)";
				TARGETED_DEVICE_FAMILY = "1,2";
			};
			name = Debug;
		};
		3A166EC4196462E4003307A7 /* Release */ = {
			isa = XCBuildConfiguration;
			buildSettings = {
				ASSETCATALOG_COMPILER_APPICON_NAME = AppIcon;
				ASSETCATALOG_COMPILER_LAUNCHIMAGE_NAME = LaunchImage;
				INFOPLIST_FILE = SimpleReddit/Info.plist;
				IPHONEOS_DEPLOYMENT_TARGET = 8.0;
				LD_RUNPATH_SEARCH_PATHS = "$(inherited) @executable_path/Frameworks";
				PRODUCT_NAME = "$(TARGET_NAME)";
				TARGETED_DEVICE_FAMILY = "1,2";
			};
			name = Release;
		};
		3A166EC6196462E4003307A7 /* Debug */ = {
			isa = XCBuildConfiguration;
			buildSettings = {
				BUNDLE_LOADER = "$(BUILT_PRODUCTS_DIR)/SimpleReddit.app/SimpleReddit";
				FRAMEWORK_SEARCH_PATHS = (
					"$(SDKROOT)/Developer/Library/Frameworks",
					"$(inherited)",
				);
				GCC_PREPROCESSOR_DEFINITIONS = (
					"DEBUG=1",
					"$(inherited)",
				);
				INFOPLIST_FILE = SimpleRedditTests/Info.plist;
				LD_RUNPATH_SEARCH_PATHS = "$(inherited) @executable_path/Frameworks @loader_path/Frameworks";
				METAL_ENABLE_DEBUG_INFO = YES;
				PRODUCT_NAME = "$(TARGET_NAME)";
				TEST_HOST = "$(BUNDLE_LOADER)";
			};
			name = Debug;
		};
		3A166EC7196462E4003307A7 /* Release */ = {
			isa = XCBuildConfiguration;
			buildSettings = {
				BUNDLE_LOADER = "$(BUILT_PRODUCTS_DIR)/SimpleReddit.app/SimpleReddit";
				FRAMEWORK_SEARCH_PATHS = (
					"$(SDKROOT)/Developer/Library/Frameworks",
					"$(inherited)",
				);
				INFOPLIST_FILE = SimpleRedditTests/Info.plist;
				LD_RUNPATH_SEARCH_PATHS = "$(inherited) @executable_path/Frameworks @loader_path/Frameworks";
				METAL_ENABLE_DEBUG_INFO = NO;
				PRODUCT_NAME = "$(TARGET_NAME)";
				TEST_HOST = "$(BUNDLE_LOADER)";
			};
			name = Release;
		};
/* End XCBuildConfiguration section */

/* Begin XCConfigurationList section */
		3A166E9F196462E3003307A7 /* Build configuration list for PBXProject "SimpleReddit" */ = {
			isa = XCConfigurationList;
			buildConfigurations = (
				3A166EC0196462E4003307A7 /* Debug */,
				3A166EC1196462E4003307A7 /* Release */,
			);
			defaultConfigurationIsVisible = 0;
			defaultConfigurationName = Release;
		};
		3A166EC2196462E4003307A7 /* Build configuration list for PBXNativeTarget "SimpleReddit" */ = {
			isa = XCConfigurationList;
			buildConfigurations = (
				3A166EC3196462E4003307A7 /* Debug */,
				3A166EC4196462E4003307A7 /* Release */,
			);
			defaultConfigurationIsVisible = 0;
			defaultConfigurationName = Release;
		};
		3A166EC5196462E4003307A7 /* Build configuration list for PBXNativeTarget "SimpleRedditTests" */ = {
			isa = XCConfigurationList;
			buildConfigurations = (
				3A166EC6196462E4003307A7 /* Debug */,
				3A166EC7196462E4003307A7 /* Release */,
			);
			defaultConfigurationIsVisible = 0;
			defaultConfigurationName = Release;
		};
/* End XCConfigurationList section */
	};
	rootObject = 3A166E9C196462E3003307A7 /* Project object */;
}
